
Microsoft Visual Studio Solution File, Format Version 12.00
# Visual Studio Version 17
VisualStudioVersion = 17.1.31911.260
MinimumVisualStudioVersion = 10.0.40219.1
Project("{FAE04EC0-301F-11D3-BF4B-00C04F79EFBC}") = "AdventOfCode", "AdventOfCode\AdventOfCode.csproj", "{80A6CAFB-E4B9-4BF1-A600-599EEACF4430}"
EndProject
Project("{FAE04EC0-301F-11D3-BF4B-00C04F79EFBC}") = "AdventOfCode.Test", "AdventOfCode.Test\AdventOfCode.Test.csproj", "{B614984C-FC0C-4366-93FC-423991EEB4DA}"
EndProject
Global
	GlobalSection(SolutionConfigurationPlatforms) = preSolution
		Debug|Any CPU = Debug|Any CPU
		Release|Any CPU = Release|Any CPU
	EndGlobalSection
	GlobalSection(ProjectConfigurationPlatforms) = postSolution
		{80A6CAFB-E4B9-4BF1-A600-599EEACF4430}.Debug|Any CPU.ActiveCfg = Debug|Any CPU
		{80A6CAFB-E4B9-4BF1-A600-599EEACF4430}.Debug|Any CPU.Build.0 = Debug|Any CPU
		{80A6CAFB-E4B9-4BF1-A600-599EEACF4430}.Release|Any CPU.ActiveCfg = Release|Any CPU
		{80A6CAFB-E4B9-4BF1-A600-599EEACF4430}.Release|Any CPU.Build.0 = Release|Any CPU
		{B614984C-FC0C-4366-93FC-423991EEB4DA}.Debug|Any CPU.ActiveCfg = Debug|Any CPU
		{B614984C-FC0C-4366-93FC-423991EEB4DA}.Debug|Any CPU.Build.0 = Debug|Any CPU
		{B614984C-FC0C-4366-93FC-423991EEB4DA}.Release|Any CPU.ActiveCfg = Release|Any CPU
		{B614984C-FC0C-4366-93FC-423991EEB4DA}.Release|Any CPU.Build.0 = Release|Any CPU
	EndGlobalSection
	GlobalSection(SolutionProperties) = preSolution
		HideSolutionNode = FALSE
	EndGlobalSection
	GlobalSection(ExtensibilityGlobals) = postSolution
		SolutionGuid = {42744411-BCAE-4079-8521-44A147C66714}
	EndGlobalSection
EndGlobal
